github.com/rogpeppe/go-internal v1.11.0 h1:cWPaGQEPrBb5/AsnsZesgZZ9yb1OQ+GOISoDNXVBh4M=
github.com/rogpeppe/go-internal v1.11.0/go.mod h1:ddIwULY96R17DhadqLgMfk9H9tvdUzkipdSkR5nkCZA=
github.com/rwxrob/bonzai v0.20.10 h1:MC77uTOENkQA2Zt/r98teSgP/bHuGw04s5k1ECAKgq0=
github.com/rwxrob/bonzai v0.20.10/go.mod h1:QmLf6NXoVtTf3pY7eYR4+k9daz2bdRiiq5ArFckAW3E=
github.com/rwxrob/choose v0.2.1 h1:iuN6NkiOwER6QpSzEVTTp+ZOb33PGFIC3Y1OK6D6Quc=
github.com/rwxrob/choose v0.2.1/go.mod h1:mhuV7pY/62p1sZCvCGVET5GuF+Z126hKxqnzSUOO0EU=
github.com/rwxrob/compcmd v0.3.0 h1:AlJNItb7+Yk17qmH5E7TJFyBXhna/rS3NeQAgjqbFls=
github.com/rwxrob/compcmd v0.3.0/go.mod h1:XOHl6bS2Uen6Wx2mxtbtUhT8Sbz1IhnaE55xPkhTBD4=
github.com/rwxrob/fn v0.4.0 h1:lUZEkELSFAlPhzrkNhgB/xoTkz9tv5op4g0QfggSZFg=
github.com/rwxrob/fn v0.4.0/go.mod h1:omPqOqEB+dDna09z5pi5YFxq4IZqDvv3wFPUCES5LvY=
github.com/rwxrob/fs v0.20.2 h1:TYUgr7wZYhyMgCINygQOa4Cf1zJahZ8qmZX1KsIJyH4=
github.com/rwxrob/fs v0.20.2/go.mod h1:iSQeNjy6YY1UCfL0LBwzKH6qZLRnVG9InZYvMnJX8wA=
github.com/rwxrob/pegn v0.2.1 h1:roE+SkNl66SLJkeEHowuds+0lUOjSlTHE8IDJuZZUNs=
github.com/rwxrob/pegn v0.2.1/go.mod h1:TyD3XS8ddVucs2gwMr1VhB2HbHiruzj6Ub67RZGTfMA=
github.com/rwxrob/structs v0.6.0 h1:t8JVd/Pee1OGaXgT6QYmGed470C9vOw6scdH8Cr5LPg=
github.com/rwxrob/structs v0.6.0/go.mod h1:txMfzPfEiIDNM5bwhzUqxr/1QQ3ekOuj3KLT8Nt1fA0=
github.com/rwxrob/term v0.2.9 h1:lXcrmKMbMQ5Etfm+tjAbHsx2v2yHnZSvzOfS/LGDBXc=
github.com/rwxrob/term v0.2.9/go.mod h1:ptzymk+QUaT54SiRzh6ITMW65qGsJDAdSZIysq17iO8=
github.com/rwxrob/to v0.12.1 h1:2x1SgNK2ixE7FhbDFK2fzlx3Y3qPIBcSFm/jivUzOQM=
github.com/rwxrob/to v0.12.1/go.mod h1:8+uSoxMWfTSY/KU57db87hWGZGsiVW0uSDZd7NAgInI=
golang.org/x/crypto v0.11.0 h1:6Ewdq3tDic1mg5xRO4milcWCfMVQhI4NkqWWvqejpuA=
golang.org/x/crypto v0.11.0/go.mod h1:xgJhtzW8F9jGdVFWZESrid1U1bjeNy4zgy5cRr/CIio=
golang.org/x/sys v0.10.0 h1:SqMFp9UcQJZa+pmYuAKjd9xq1f0j5rLcDIk0mj4qAsA=
golang.org/x/sys v0.10.0/go.mod h1:oPkhp1MJrh7nUepCBck5+mAzfO9JrbApNNgaTdGDITg=
golang.org/x/term v0.10.0 h1:3R7pNqamzBraeqj/Tj8qt1aQ2HpmlC+Cx/qL/7hn4/c=
golang.org/x/term v0.10.0/go.mod h1:lpqdcUyK/oCiQxvxVrppt5ggO2KCZ5QblwqPnfZ6d5o=
